
Microsoft Visual Studio Solution File, Format Version 12.00
# Visual Studio 15
VisualStudioVersion = 15.0.28307.572
MinimumVisualStudioVersion = 10.0.40219.1
Project("{FAE04EC0-301F-11D3-BF4B-00C04F79EFBC}") = "Solarheart", "Solarheart\Solarheart.csproj", "{1665F805-C76F-47A9-BB7D-FA0E777CD25B}"
EndProject
Global
	GlobalSection(SolutionConfigurationPlatforms) = preSolution
		Debug|Any CPU = Debug|Any CPU
		Release|Any CPU = Release|Any CPU
	EndGlobalSection
	GlobalSection(ProjectConfigurationPlatforms) = postSolution
		{1665F805-C76F-47A9-BB7D-FA0E777CD25B}.Debug|Any CPU.ActiveCfg = Debug|Any CPU
		{1665F805-C76F-47A9-BB7D-FA0E777CD25B}.Debug|Any CPU.Build.0 = Debug|Any CPU
		{1665F805-C76F-47A9-BB7D-FA0E777CD25B}.Release|Any CPU.ActiveCfg = Release|Any CPU
		{1665F805-C76F-47A9-BB7D-FA0E777CD25B}.Release|Any CPU.Build.0 = Release|Any CPU
	EndGlobalSection
	GlobalSection(SolutionProperties) = preSolution
		HideSolutionNode = FALSE
	EndGlobalSection
	GlobalSection(ExtensibilityGlobals) = postSolution
		SolutionGuid = {FB5BBB1E-6C66-4FED-B7E8-034C22E3F77E}
	EndGlobalSection
EndGlobal
